
Microsoft Visual Studio Solution File, Format Version 12.00
# Visual Studio Version 16
VisualStudioVersion = 16.0.30406.217
MinimumVisualStudioVersion = 10.0.40219.1
Project("{FAE04EC0-301F-11D3-BF4B-00C04F79EFBC}") = "ConsoleApp1", "..\ConsoleApp1\ConsoleApp1.csproj", "{3E178F1A-8737-448A-8178-572EC058B174}"
EndProject
Project("{FAE04EC0-301F-11D3-BF4B-00C04F79EFBC}") = "SpecialPrimesDVC", "..\ClassLibrary1\SpecialPrimesDVC.csproj", "{FA2B9E8E-A3D9-4B40-AAC2-2E45C5A763EB}"
EndProject
Global
	GlobalSection(SolutionConfigurationPlatforms) = preSolution
		Debug|Any CPU = Debug|Any CPU
		Release|Any CPU = Release|Any CPU
	EndGlobalSection
	GlobalSection(ProjectConfigurationPlatforms) = postSolution
		{3E178F1A-8737-448A-8178-572EC058B174}.Debug|Any CPU.ActiveCfg = Debug|Any CPU
		{3E178F1A-8737-448A-8178-572EC058B174}.Debug|Any CPU.Build.0 = Debug|Any CPU
		{3E178F1A-8737-448A-8178-572EC058B174}.Release|Any CPU.ActiveCfg = Release|Any CPU
		{3E178F1A-8737-448A-8178-572EC058B174}.Release|Any CPU.Build.0 = Release|Any CPU
		{FA2B9E8E-A3D9-4B40-AAC2-2E45C5A763EB}.Debug|Any CPU.ActiveCfg = Debug|Any CPU
		{FA2B9E8E-A3D9-4B40-AAC2-2E45C5A763EB}.Debug|Any CPU.Build.0 = Debug|Any CPU
		{FA2B9E8E-A3D9-4B40-AAC2-2E45C5A763EB}.Release|Any CPU.ActiveCfg = Release|Any CPU
		{FA2B9E8E-A3D9-4B40-AAC2-2E45C5A763EB}.Release|Any CPU.Build.0 = Release|Any CPU
	EndGlobalSection
	GlobalSection(SolutionProperties) = preSolution
		HideSolutionNode = FALSE
	EndGlobalSection
	GlobalSection(ExtensibilityGlobals) = postSolution
		SolutionGuid = {DF149216-7182-4D2E-B7B8-FC9CCD9DA7ED}
	EndGlobalSection
EndGlobal
